
Microsoft Visual Studio Solution File, Format Version 12.00
# Visual Studio Version 17
VisualStudioVersion = 17.0.32112.339
MinimumVisualStudioVersion = 10.0.40219.1
Project("{FAE04EC0-301F-11D3-BF4B-00C04F79EFBC}") = "PraktikumWeek7", "PraktikumWeek7\PraktikumWeek7.csproj", "{EFC68DDD-D855-4DED-B181-214FFF96C343}"
EndProject
Global
	GlobalSection(SolutionConfigurationPlatforms) = preSolution
		Debug|Any CPU = Debug|Any CPU
		Release|Any CPU = Release|Any CPU
	EndGlobalSection
	GlobalSection(ProjectConfigurationPlatforms) = postSolution
		{EFC68DDD-D855-4DED-B181-214FFF96C343}.Debug|Any CPU.ActiveCfg = Debug|Any CPU
		{EFC68DDD-D855-4DED-B181-214FFF96C343}.Debug|Any CPU.Build.0 = Debug|Any CPU
		{EFC68DDD-D855-4DED-B181-214FFF96C343}.Release|Any CPU.ActiveCfg = Release|Any CPU
		{EFC68DDD-D855-4DED-B181-214FFF96C343}.Release|Any CPU.Build.0 = Release|Any CPU
	EndGlobalSection
	GlobalSection(SolutionProperties) = preSolution
		HideSolutionNode = FALSE
	EndGlobalSection
	GlobalSection(ExtensibilityGlobals) = postSolution
		SolutionGuid = {243DD798-D1E3-4BD9-B9EA-B30164BD34F3}
	EndGlobalSection
EndGlobal
